<?xml version="1.0" encoding="utf-8"?>
<Project ToolsVersion="4.0" xmlns="http://schemas.microsoft.com/developer/msbuild/2003">
  <ItemGroup>
    <Filter Include="Default">
      <UniqueIdentifier>{001ab9d7-e656-49be-8771-50c97d4a1614}</UniqueIdentifier>
    </Filter>
    <Filter Include="States">
      <UniqueIdentifier>{76c1e4c2-d3df-4952-b9ad-0be3da670c2a}</UniqueIdentifier>
    </Filter>
    <Filter Include="StateMgr">
      <UniqueIdentifier>{362bcb0c-c278-4639-bded-1a733a81f9eb}</UniqueIdentifier>
    </Filter>
    <Filter Include="States\Haiku">
      <UniqueIdentifier>{d961f608-1695-4240-b1f3-732e8a585a06}</UniqueIdentifier>
    </Filter>
    <Filter Include="States\Etc">
      <UniqueIdentifier>{64f1740c-abe4-4eb9-85a4-879267611acb}</UniqueIdentifier>
    </Filter>
    <Filter Include="States\Etc\TraceState">
      <UniqueIdentifier>{b03b8ff8-264f-4926-9f06-f767838e004e}</UniqueIdentifier>
    </Filter>
    <Filter Include="States\Etc\IdleState">
      <UniqueIdentifier>{c27751b5-702f-4eb8-9b0b-495b2883eaf7}</UniqueIdentifier>
    </Filter>
    <Filter Include="States\Haiku\Jump">
      <UniqueIdentifier>{dab48394-f41b-4cda-91e9-463450a4f119}</UniqueIdentifier>
    </Filter>
    <Filter Include="States\Haiku\Platform">
      <UniqueIdentifier>{835ee793-0a64-40d5-93cd-00e10ca142c9}</UniqueIdentifier>
    </Filter>
    <Filter Include="States\Haiku\Attack">
      <UniqueIdentifier>{1ab6bdbb-85e9-44da-b9ec-04a2f2afcb30}</UniqueIdentifier>
    </Filter>
  </ItemGroup>
  <ItemGroup>
    <ClInclude Include="framework.h">
      <Filter>Default</Filter>
    </ClInclude>
    <ClInclude Include="pch.h">
      <Filter>Default</Filter>
    </ClInclude>
    <ClInclude Include="CStateMgr.h">
      <Filter>StateMgr</Filter>
    </ClInclude>
    <ClInclude Include="CIdleState.h">
      <Filter>States\Etc\IdleState</Filter>
    </ClInclude>
    <ClInclude Include="CTraceState.h">
      <Filter>States\Etc\TraceState</Filter>
    </ClInclude>
    <ClInclude Include="CHaikuStartState.h">
      <Filter>States\Haiku</Filter>
    </ClInclude>
    <ClInclude Include="CHaikuJumpFallState.h">
      <Filter>States\Haiku\Jump</Filter>
    </ClInclude>
    <ClInclude Include="CHaikuJumpRiseState.h">
      <Filter>States\Haiku\Jump</Filter>
    </ClInclude>
    <ClInclude Include="CHaikuDashState.h">
      <Filter>States\Haiku\Platform</Filter>
    </ClInclude>
    <ClInclude Include="CHaikuDieState.h">
      <Filter>States\Haiku\Platform</Filter>
    </ClInclude>
    <ClInclude Include="CHaikuRepairState.h">
      <Filter>States\Haiku\Platform</Filter>
    </ClInclude>
    <ClInclude Include="CHaikuIdleState.h">
      <Filter>States\Haiku</Filter>
    </ClInclude>
    <ClInclude Include="CHaikuPlatformGeneralAttackState.h">
      <Filter>States\Haiku\Attack</Filter>
    </ClInclude>
    <ClInclude Include="CHaikuWalkState.h" />
  </ItemGroup>
  <ItemGroup>
    <ClCompile Include="pch.cpp">
      <Filter>Default</Filter>
    </ClCompile>
    <ClCompile Include="States.cpp">
      <Filter>Default</Filter>
    </ClCompile>
    <ClCompile Include="CStateMgr.cpp">
      <Filter>StateMgr</Filter>
    </ClCompile>
    <ClCompile Include="CIdleState.cpp">
      <Filter>States\Etc\IdleState</Filter>
    </ClCompile>
    <ClCompile Include="CTraceState.cpp">
      <Filter>States\Etc\TraceState</Filter>
    </ClCompile>
    <ClCompile Include="CHaikuStartState.cpp">
      <Filter>States\Haiku</Filter>
    </ClCompile>
    <ClCompile Include="CHaikuJumpFallState.cpp">
      <Filter>States\Haiku\Jump</Filter>
    </ClCompile>
    <ClCompile Include="CHaikuJumpRiseState.cpp">
      <Filter>States\Haiku\Jump</Filter>
    </ClCompile>
    <ClCompile Include="CHaikuDashState.cpp">
      <Filter>States\Haiku\Platform</Filter>
    </ClCompile>
    <ClCompile Include="CHaikuDieState.cpp">
      <Filter>States\Haiku\Platform</Filter>
    </ClCompile>
    <ClCompile Include="CHaikuRepairState.cpp">
      <Filter>States\Haiku\Platform</Filter>
    </ClCompile>
    <ClCompile Include="CHaikuIdleState.cpp">
      <Filter>States\Haiku</Filter>
    </ClCompile>
    <ClCompile Include="CHaikuPlatformGeneralAttackState.cpp">
      <Filter>States\Haiku\Attack</Filter>
    </ClCompile>
    <ClCompile Include="CHaikuWalkState.cpp" />
  </ItemGroup>
</Project>